
Microsoft Visual Studio Solution File, Format Version 12.00
# Visual Studio Version 16
VisualStudioVersion = 16.0.32228.343
MinimumVisualStudioVersion = 10.0.40219.1
Project("{FAE04EC0-301F-11D3-BF4B-00C04F79EFBC}") = "CoreDemo", "CoreDemo\CoreDemo.csproj", "{5BEC9329-FD76-4609-8CF0-04E41C8F84EF}"
EndProject
Project("{FAE04EC0-301F-11D3-BF4B-00C04F79EFBC}") = "EntityLayer", "EntityLayer\EntityLayer.csproj", "{EA21347A-423B-435B-A4F3-EC8DF8D96A6F}"
EndProject
Project("{FAE04EC0-301F-11D3-BF4B-00C04F79EFBC}") = "DataAccessLayer", "DataAccessLayer\DataAccessLayer.csproj", "{1D3BFC49-D83E-4110-9A15-420E540177D1}"
EndProject
Project("{FAE04EC0-301F-11D3-BF4B-00C04F79EFBC}") = "BusinessLayer", "BusinessLayer\BusinessLayer.csproj", "{1EA3C0C3-B78E-4166-8D04-E165A02564BB}"
EndProject
Project("{FAE04EC0-301F-11D3-BF4B-00C04F79EFBC}") = "CoreLayer", "CoreLayer\CoreLayer.csproj", "{698CD26F-B3D5-4EF7-AD1F-69414C3D49B7}"
EndProject
Global
	GlobalSection(SolutionConfigurationPlatforms) = preSolution
		Debug|Any CPU = Debug|Any CPU
		Release|Any CPU = Release|Any CPU
	EndGlobalSection
	GlobalSection(ProjectConfigurationPlatforms) = postSolution
		{5BEC9329-FD76-4609-8CF0-04E41C8F84EF}.Debug|Any CPU.ActiveCfg = Debug|Any CPU
		{5BEC9329-FD76-4609-8CF0-04E41C8F84EF}.Debug|Any CPU.Build.0 = Debug|Any CPU
		{5BEC9329-FD76-4609-8CF0-04E41C8F84EF}.Release|Any CPU.ActiveCfg = Release|Any CPU
		{5BEC9329-FD76-4609-8CF0-04E41C8F84EF}.Release|Any CPU.Build.0 = Release|Any CPU
		{EA21347A-423B-435B-A4F3-EC8DF8D96A6F}.Debug|Any CPU.ActiveCfg = Debug|Any CPU
		{EA21347A-423B-435B-A4F3-EC8DF8D96A6F}.Debug|Any CPU.Build.0 = Debug|Any CPU
		{EA21347A-423B-435B-A4F3-EC8DF8D96A6F}.Release|Any CPU.ActiveCfg = Release|Any CPU
		{EA21347A-423B-435B-A4F3-EC8DF8D96A6F}.Release|Any CPU.Build.0 = Release|Any CPU
		{1D3BFC49-D83E-4110-9A15-420E540177D1}.Debug|Any CPU.ActiveCfg = Debug|Any CPU
		{1D3BFC49-D83E-4110-9A15-420E540177D1}.Debug|Any CPU.Build.0 = Debug|Any CPU
		{1D3BFC49-D83E-4110-9A15-420E540177D1}.Release|Any CPU.ActiveCfg = Release|Any CPU
		{1D3BFC49-D83E-4110-9A15-420E540177D1}.Release|Any CPU.Build.0 = Release|Any CPU
		{1EA3C0C3-B78E-4166-8D04-E165A02564BB}.Debug|Any CPU.ActiveCfg = Debug|Any CPU
		{1EA3C0C3-B78E-4166-8D04-E165A02564BB}.Debug|Any CPU.Build.0 = Debug|Any CPU
		{1EA3C0C3-B78E-4166-8D04-E165A02564BB}.Release|Any CPU.ActiveCfg = Release|Any CPU
		{1EA3C0C3-B78E-4166-8D04-E165A02564BB}.Release|Any CPU.Build.0 = Release|Any CPU
		{698CD26F-B3D5-4EF7-AD1F-69414C3D49B7}.Debug|Any CPU.ActiveCfg = Debug|Any CPU
		{698CD26F-B3D5-4EF7-AD1F-69414C3D49B7}.Debug|Any CPU.Build.0 = Debug|Any CPU
		{698CD26F-B3D5-4EF7-AD1F-69414C3D49B7}.Release|Any CPU.ActiveCfg = Release|Any CPU
		{698CD26F-B3D5-4EF7-AD1F-69414C3D49B7}.Release|Any CPU.Build.0 = Release|Any CPU
	EndGlobalSection
	GlobalSection(SolutionProperties) = preSolution
		HideSolutionNode = FALSE
	EndGlobalSection
	GlobalSection(ExtensibilityGlobals) = postSolution
		SolutionGuid = {7119186B-7735-4CFB-B045-8A20BC3707B3}
	EndGlobalSection
EndGlobal
